
Microsoft Visual Studio Solution File, Format Version 12.00
# Visual Studio Version 17
VisualStudioVersion = 17.5.33530.505
MinimumVisualStudioVersion = 10.0.40219.1
Project("{9A19103F-16F7-4668-BE54-9A1E7A4F7556}") = "WIRKDEVELOPER", "WIRKDEVELOPER.csproj", "{F117C977-2F0A-4CB8-9D1A-33EF00B80D8A}"
EndProject
Global
	GlobalSection(SolutionConfigurationPlatforms) = preSolution
		Debug|Any CPU = Debug|Any CPU
		Release|Any CPU = Release|Any CPU
	EndGlobalSection
	GlobalSection(ProjectConfigurationPlatforms) = postSolution
		{F117C977-2F0A-4CB8-9D1A-33EF00B80D8A}.Debug|Any CPU.ActiveCfg = Debug|Any CPU
		{F117C977-2F0A-4CB8-9D1A-33EF00B80D8A}.Debug|Any CPU.Build.0 = Debug|Any CPU
		{F117C977-2F0A-4CB8-9D1A-33EF00B80D8A}.Release|Any CPU.ActiveCfg = Release|Any CPU
		{F117C977-2F0A-4CB8-9D1A-33EF00B80D8A}.Release|Any CPU.Build.0 = Release|Any CPU
	EndGlobalSection
	GlobalSection(SolutionProperties) = preSolution
		HideSolutionNode = FALSE
	EndGlobalSection
	GlobalSection(ExtensibilityGlobals) = postSolution
		SolutionGuid = {F4442AB2-4E1F-41D9-B997-CDE5167184BE}
	EndGlobalSection
EndGlobal
